
Microsoft Visual Studio Solution File, Format Version 12.00
# Visual Studio Version 17
VisualStudioVersion = 17.8.34728.176
MinimumVisualStudioVersion = 10.0.40219.1
Project("{FAE04EC0-301F-11D3-BF4B-00C04F79EFBC}") = "MethodenPlusAbfragen", "MethodenPlusAbfragen\MethodenPlusAbfragen.csproj", "{BA39C19E-29CA-4A1B-AD62-47F840477F28}"
EndProject
Global
	GlobalSection(SolutionConfigurationPlatforms) = preSolution
		Debug|Any CPU = Debug|Any CPU
		Release|Any CPU = Release|Any CPU
	EndGlobalSection
	GlobalSection(ProjectConfigurationPlatforms) = postSolution
		{BA39C19E-29CA-4A1B-AD62-47F840477F28}.Debug|Any CPU.ActiveCfg = Debug|Any CPU
		{BA39C19E-29CA-4A1B-AD62-47F840477F28}.Debug|Any CPU.Build.0 = Debug|Any CPU
		{BA39C19E-29CA-4A1B-AD62-47F840477F28}.Release|Any CPU.ActiveCfg = Release|Any CPU
		{BA39C19E-29CA-4A1B-AD62-47F840477F28}.Release|Any CPU.Build.0 = Release|Any CPU
	EndGlobalSection
	GlobalSection(SolutionProperties) = preSolution
		HideSolutionNode = FALSE
	EndGlobalSection
	GlobalSection(ExtensibilityGlobals) = postSolution
		SolutionGuid = {567959A7-4275-4B4D-8C58-F35FA6DE424D}
	EndGlobalSection
EndGlobal
